
Microsoft Visual Studio Solution File, Format Version 12.00
# Visual Studio Version 16
VisualStudioVersion = 16.0.30517.126
MinimumVisualStudioVersion = 10.0.40219.1
Project("{9A19103F-16F7-4668-BE54-9A1E7A4F7556}") = "DataMiningSystem.Algoritms", "DataMiningSystem.Algoritms\DataMiningSystem.Algoritms.csproj", "{0D71A5CD-BF92-42D3-9399-7A672D185672}"
EndProject
Project("{9A19103F-16F7-4668-BE54-9A1E7A4F7556}") = "DataMiningSystem.Data", "DataMiningSystem.Data\DataMiningSystem.Data.csproj", "{9F89371D-216A-4228-BA14-748862970E90}"
EndProject
Project("{9A19103F-16F7-4668-BE54-9A1E7A4F7556}") = "DataMiningSystem.WindowsFormsClient", "DataMiningSystem.WindowsFormsClient\DataMiningSystem.WindowsFormsClient.csproj", "{6793D17D-B0E9-475B-9F26-0701C982CD1E}"
EndProject
Project("{9A19103F-16F7-4668-BE54-9A1E7A4F7556}") = "DataMiningSystem.ClientLogic", "DataMiningSystem.ClientLogic\DataMiningSystem.ClientLogic.csproj", "{074C1DE7-76DC-445D-B450-FF55E319399F}"
EndProject
Project("{FAE04EC0-301F-11D3-BF4B-00C04F79EFBC}") = "DataMiningSystem.WPFClient", "DataMiningSystem.WPFClient\DataMiningSystem.WPFClient.csproj", "{50133862-EF62-4D2F-B6EF-B5A76519EC9C}"
EndProject
Global
	GlobalSection(SolutionConfigurationPlatforms) = preSolution
		Debug|Any CPU = Debug|Any CPU
		Release|Any CPU = Release|Any CPU
	EndGlobalSection
	GlobalSection(ProjectConfigurationPlatforms) = postSolution
		{0D71A5CD-BF92-42D3-9399-7A672D185672}.Debug|Any CPU.ActiveCfg = Debug|Any CPU
		{0D71A5CD-BF92-42D3-9399-7A672D185672}.Debug|Any CPU.Build.0 = Debug|Any CPU
		{0D71A5CD-BF92-42D3-9399-7A672D185672}.Release|Any CPU.ActiveCfg = Release|Any CPU
		{0D71A5CD-BF92-42D3-9399-7A672D185672}.Release|Any CPU.Build.0 = Release|Any CPU
		{9F89371D-216A-4228-BA14-748862970E90}.Debug|Any CPU.ActiveCfg = Debug|Any CPU
		{9F89371D-216A-4228-BA14-748862970E90}.Debug|Any CPU.Build.0 = Debug|Any CPU
		{9F89371D-216A-4228-BA14-748862970E90}.Release|Any CPU.ActiveCfg = Release|Any CPU
		{9F89371D-216A-4228-BA14-748862970E90}.Release|Any CPU.Build.0 = Release|Any CPU
		{6793D17D-B0E9-475B-9F26-0701C982CD1E}.Debug|Any CPU.ActiveCfg = Debug|Any CPU
		{6793D17D-B0E9-475B-9F26-0701C982CD1E}.Debug|Any CPU.Build.0 = Debug|Any CPU
		{6793D17D-B0E9-475B-9F26-0701C982CD1E}.Release|Any CPU.ActiveCfg = Release|Any CPU
		{6793D17D-B0E9-475B-9F26-0701C982CD1E}.Release|Any CPU.Build.0 = Release|Any CPU
		{074C1DE7-76DC-445D-B450-FF55E319399F}.Debug|Any CPU.ActiveCfg = Debug|Any CPU
		{074C1DE7-76DC-445D-B450-FF55E319399F}.Debug|Any CPU.Build.0 = Debug|Any CPU
		{074C1DE7-76DC-445D-B450-FF55E319399F}.Release|Any CPU.ActiveCfg = Release|Any CPU
		{074C1DE7-76DC-445D-B450-FF55E319399F}.Release|Any CPU.Build.0 = Release|Any CPU
		{50133862-EF62-4D2F-B6EF-B5A76519EC9C}.Debug|Any CPU.ActiveCfg = Debug|Any CPU
		{50133862-EF62-4D2F-B6EF-B5A76519EC9C}.Debug|Any CPU.Build.0 = Debug|Any CPU
		{50133862-EF62-4D2F-B6EF-B5A76519EC9C}.Release|Any CPU.ActiveCfg = Release|Any CPU
		{50133862-EF62-4D2F-B6EF-B5A76519EC9C}.Release|Any CPU.Build.0 = Release|Any CPU
	EndGlobalSection
	GlobalSection(SolutionProperties) = preSolution
		HideSolutionNode = FALSE
	EndGlobalSection
	GlobalSection(ExtensibilityGlobals) = postSolution
		SolutionGuid = {F01FEF35-ED7D-4F03-95EF-585398519D9F}
	EndGlobalSection
EndGlobal
